
Microsoft Visual Studio Solution File, Format Version 12.00
# Visual Studio 2012
Project("{FAE04EC0-301F-11D3-BF4B-00C04F79EFBC}") = "LeLive", "LeLive.csproj", "{756D216D-6F9C-4116-9062-240CA8222F9A}"
EndProject
Global
	GlobalSection(SolutionConfigurationPlatforms) = preSolution
		Debug|iPhoneSimulator = Debug|iPhoneSimulator
		Release|iPhone = Release|iPhone
		Release|iPhoneSimulator = Release|iPhoneSimulator
		Debug|iPhone = Debug|iPhone
	EndGlobalSection
	GlobalSection(ProjectConfigurationPlatforms) = postSolution
		{756D216D-6F9C-4116-9062-240CA8222F9A}.Debug|iPhoneSimulator.ActiveCfg = Debug|iPhoneSimulator
		{756D216D-6F9C-4116-9062-240CA8222F9A}.Debug|iPhoneSimulator.Build.0 = Debug|iPhoneSimulator
		{756D216D-6F9C-4116-9062-240CA8222F9A}.Release|iPhone.ActiveCfg = Release|iPhone
		{756D216D-6F9C-4116-9062-240CA8222F9A}.Release|iPhone.Build.0 = Release|iPhone
		{756D216D-6F9C-4116-9062-240CA8222F9A}.Release|iPhoneSimulator.ActiveCfg = Release|iPhoneSimulator
		{756D216D-6F9C-4116-9062-240CA8222F9A}.Release|iPhoneSimulator.Build.0 = Release|iPhoneSimulator
		{756D216D-6F9C-4116-9062-240CA8222F9A}.Debug|iPhone.ActiveCfg = Debug|iPhone
		{756D216D-6F9C-4116-9062-240CA8222F9A}.Debug|iPhone.Build.0 = Debug|iPhone
	EndGlobalSection
EndGlobal
